
Microsoft Visual Studio Solution File, Format Version 11.00
# Visual Studio 2010
Project("{6141683F-8A12-4E36-9623-2EB02B2C2303}") = "InstallMAP4ASIO", "InstallMAP4ASIO\InstallMAP4ASIO.isproj", "{12104019-56F7-4268-A60F-2BA1B384A369}"
EndProject
Global
	GlobalSection(SolutionConfigurationPlatforms) = preSolution
		CD_ROM|Default = CD_ROM|Default
		DVD-5|Default = DVD-5|Default
		SingleImage|Default = SingleImage|Default
	EndGlobalSection
	GlobalSection(ProjectConfigurationPlatforms) = postSolution
		{12104019-56F7-4268-A60F-2BA1B384A369}.CD_ROM|Default.ActiveCfg = CD_ROM
		{12104019-56F7-4268-A60F-2BA1B384A369}.CD_ROM|Default.Build.0 = CD_ROM
		{12104019-56F7-4268-A60F-2BA1B384A369}.DVD-5|Default.ActiveCfg = DVD-5
		{12104019-56F7-4268-A60F-2BA1B384A369}.DVD-5|Default.Build.0 = DVD-5
		{12104019-56F7-4268-A60F-2BA1B384A369}.SingleImage|Default.ActiveCfg = SingleImage
		{12104019-56F7-4268-A60F-2BA1B384A369}.SingleImage|Default.Build.0 = SingleImage
	EndGlobalSection
	GlobalSection(SolutionProperties) = preSolution
		HideSolutionNode = FALSE
	EndGlobalSection
EndGlobal
